
Microsoft Visual Studio Solution File, Format Version 12.00
# Visual Studio Version 17
VisualStudioVersion = 17.4.33213.308
MinimumVisualStudioVersion = 10.0.40219.1
Project("{9A19103F-16F7-4668-BE54-9A1E7A4F7556}") = "perfume_luxury_web_api", "perfume_luxury_web_api\perfume_luxury_web_api.csproj", "{1F4E6834-8E58-48A4-9C52-C4076E4E2BA3}"
EndProject
Project("{9A19103F-16F7-4668-BE54-9A1E7A4F7556}") = "Infrastructure", "Infrastructure\Infrastructure.csproj", "{B67CC50B-7678-422A-949D-CEF1271C83FB}"
EndProject
Project("{9A19103F-16F7-4668-BE54-9A1E7A4F7556}") = "Application", "Application\Application.csproj", "{D367F97E-E20F-41E7-B26B-D7B93FD6BD44}"
EndProject
Project("{9A19103F-16F7-4668-BE54-9A1E7A4F7556}") = "Domain", "Domain\Domain.csproj", "{B7B48D7F-08B3-44CB-840E-0743B53807D7}"
EndProject
Global
	GlobalSection(SolutionConfigurationPlatforms) = preSolution
		Debug|Any CPU = Debug|Any CPU
		Release|Any CPU = Release|Any CPU
	EndGlobalSection
	GlobalSection(ProjectConfigurationPlatforms) = postSolution
		{1F4E6834-8E58-48A4-9C52-C4076E4E2BA3}.Debug|Any CPU.ActiveCfg = Debug|Any CPU
		{1F4E6834-8E58-48A4-9C52-C4076E4E2BA3}.Debug|Any CPU.Build.0 = Debug|Any CPU
		{1F4E6834-8E58-48A4-9C52-C4076E4E2BA3}.Release|Any CPU.ActiveCfg = Release|Any CPU
		{1F4E6834-8E58-48A4-9C52-C4076E4E2BA3}.Release|Any CPU.Build.0 = Release|Any CPU
		{B67CC50B-7678-422A-949D-CEF1271C83FB}.Debug|Any CPU.ActiveCfg = Debug|Any CPU
		{B67CC50B-7678-422A-949D-CEF1271C83FB}.Debug|Any CPU.Build.0 = Debug|Any CPU
		{B67CC50B-7678-422A-949D-CEF1271C83FB}.Release|Any CPU.ActiveCfg = Release|Any CPU
		{B67CC50B-7678-422A-949D-CEF1271C83FB}.Release|Any CPU.Build.0 = Release|Any CPU
		{D367F97E-E20F-41E7-B26B-D7B93FD6BD44}.Debug|Any CPU.ActiveCfg = Debug|Any CPU
		{D367F97E-E20F-41E7-B26B-D7B93FD6BD44}.Debug|Any CPU.Build.0 = Debug|Any CPU
		{D367F97E-E20F-41E7-B26B-D7B93FD6BD44}.Release|Any CPU.ActiveCfg = Release|Any CPU
		{D367F97E-E20F-41E7-B26B-D7B93FD6BD44}.Release|Any CPU.Build.0 = Release|Any CPU
		{B7B48D7F-08B3-44CB-840E-0743B53807D7}.Debug|Any CPU.ActiveCfg = Debug|Any CPU
		{B7B48D7F-08B3-44CB-840E-0743B53807D7}.Debug|Any CPU.Build.0 = Debug|Any CPU
		{B7B48D7F-08B3-44CB-840E-0743B53807D7}.Release|Any CPU.ActiveCfg = Release|Any CPU
		{B7B48D7F-08B3-44CB-840E-0743B53807D7}.Release|Any CPU.Build.0 = Release|Any CPU
	EndGlobalSection
	GlobalSection(SolutionProperties) = preSolution
		HideSolutionNode = FALSE
	EndGlobalSection
	GlobalSection(ExtensibilityGlobals) = postSolution
		SolutionGuid = {5B250B0C-1242-40E6-93DC-4A823D9DCD59}
	EndGlobalSection
EndGlobal
